
Microsoft Visual Studio Solution File, Format Version 12.00
# Visual Studio Version 16
VisualStudioVersion = 16.0.29209.62
MinimumVisualStudioVersion = 10.0.40219.1
Project("{FAE04EC0-301F-11D3-BF4B-00C04F79EFBC}") = "MailTemplateAddIn", "MailTemplateAddIn\MailTemplateAddIn.csproj", "{60C6F2EF-8BE5-4C99-BDCD-1DC60BF1897B}"
EndProject
Global
	GlobalSection(SolutionConfigurationPlatforms) = preSolution
		Debug|Any CPU = Debug|Any CPU
		Release|Any CPU = Release|Any CPU
	EndGlobalSection
	GlobalSection(ProjectConfigurationPlatforms) = postSolution
		{60C6F2EF-8BE5-4C99-BDCD-1DC60BF1897B}.Debug|Any CPU.ActiveCfg = Debug|Any CPU
		{60C6F2EF-8BE5-4C99-BDCD-1DC60BF1897B}.Debug|Any CPU.Build.0 = Debug|Any CPU
		{60C6F2EF-8BE5-4C99-BDCD-1DC60BF1897B}.Release|Any CPU.ActiveCfg = Release|Any CPU
		{60C6F2EF-8BE5-4C99-BDCD-1DC60BF1897B}.Release|Any CPU.Build.0 = Release|Any CPU
	EndGlobalSection
	GlobalSection(SolutionProperties) = preSolution
		HideSolutionNode = FALSE
	EndGlobalSection
	GlobalSection(ExtensibilityGlobals) = postSolution
		SolutionGuid = {A862A22C-A160-4C95-9C0A-798A73AA6646}
	EndGlobalSection
EndGlobal
